
Microsoft Visual Studio Solution File, Format Version 12.00
# Visual Studio Version 17
VisualStudioVersion = 17.4.33205.214
MinimumVisualStudioVersion = 10.0.40219.1
Project("{FAE04EC0-301F-11D3-BF4B-00C04F79EFBC}") = "ComireClicker", "ComireClicker\ComireClicker.csproj", "{0D6AD472-6F4C-44A2-A7A9-74DAAA42A4B9}"
EndProject
Global
	GlobalSection(SolutionConfigurationPlatforms) = preSolution
		Debug|Any CPU = Debug|Any CPU
		Release|Any CPU = Release|Any CPU
	EndGlobalSection
	GlobalSection(ProjectConfigurationPlatforms) = postSolution
		{0D6AD472-6F4C-44A2-A7A9-74DAAA42A4B9}.Debug|Any CPU.ActiveCfg = Debug|Any CPU
		{0D6AD472-6F4C-44A2-A7A9-74DAAA42A4B9}.Debug|Any CPU.Build.0 = Debug|Any CPU
		{0D6AD472-6F4C-44A2-A7A9-74DAAA42A4B9}.Release|Any CPU.ActiveCfg = Release|Any CPU
		{0D6AD472-6F4C-44A2-A7A9-74DAAA42A4B9}.Release|Any CPU.Build.0 = Release|Any CPU
	EndGlobalSection
	GlobalSection(SolutionProperties) = preSolution
		HideSolutionNode = FALSE
	EndGlobalSection
	GlobalSection(ExtensibilityGlobals) = postSolution
		SolutionGuid = {DF1984B7-50A2-4A70-80CC-40756D995EAC}
	EndGlobalSection
EndGlobal
